
Microsoft Visual Studio Solution File, Format Version 12.00
# Visual Studio Version 17
VisualStudioVersion = 17.9.34607.119
MinimumVisualStudioVersion = 10.0.40219.1
Project("{9A19103F-16F7-4668-BE54-9A1E7A4F7556}") = "MeuProjeto", "MeuProjeto\MeuProjeto.csproj", "{33FC6C9B-966F-4B62-B7E6-CF16268973B0}"
EndProject
Project("{FAE04EC0-301F-11D3-BF4B-00C04F79EFBC}") = "MeuProjeto2", "MeuProjeto2\MeuProjeto2.csproj", "{5B79FF1A-C8A7-4BC0-83D8-580BC390702D}"
EndProject
Global
	GlobalSection(SolutionConfigurationPlatforms) = preSolution
		Debug|Any CPU = Debug|Any CPU
		Release|Any CPU = Release|Any CPU
	EndGlobalSection
	GlobalSection(ProjectConfigurationPlatforms) = postSolution
		{33FC6C9B-966F-4B62-B7E6-CF16268973B0}.Debug|Any CPU.ActiveCfg = Debug|Any CPU
		{33FC6C9B-966F-4B62-B7E6-CF16268973B0}.Debug|Any CPU.Build.0 = Debug|Any CPU
		{33FC6C9B-966F-4B62-B7E6-CF16268973B0}.Release|Any CPU.ActiveCfg = Release|Any CPU
		{33FC6C9B-966F-4B62-B7E6-CF16268973B0}.Release|Any CPU.Build.0 = Release|Any CPU
		{5B79FF1A-C8A7-4BC0-83D8-580BC390702D}.Debug|Any CPU.ActiveCfg = Debug|Any CPU
		{5B79FF1A-C8A7-4BC0-83D8-580BC390702D}.Debug|Any CPU.Build.0 = Debug|Any CPU
		{5B79FF1A-C8A7-4BC0-83D8-580BC390702D}.Release|Any CPU.ActiveCfg = Release|Any CPU
		{5B79FF1A-C8A7-4BC0-83D8-580BC390702D}.Release|Any CPU.Build.0 = Release|Any CPU
	EndGlobalSection
	GlobalSection(SolutionProperties) = preSolution
		HideSolutionNode = FALSE
	EndGlobalSection
	GlobalSection(ExtensibilityGlobals) = postSolution
		SolutionGuid = {04D5C089-2605-46B2-BD02-CD9C9FDE0935}
	EndGlobalSection
EndGlobal
